# THIS IS AN AUTOGENERATED FILE. DO NOT EDIT THIS FILE DIRECTLY.
# yarn lockfile v1


"@rari-capital/solmate@^6.2.0":
  version "6.2.0"
  resolved "https://registry.yarnpkg.com/@rari-capital/solmate/-/solmate-6.2.0.tgz#4f70dc236606c27ec2cb1b4261dd830235d01fe4"
  integrity sha512-g94F+Ra9ixyJyNgvnOIufNjUz488uEG0nxIEEtJ7+g+tA1XGUupRB2kB5b+VO7WYO26RNOVD2fW6xE4e14iWpg==
